
Microsoft Visual Studio Solution File, Format Version 12.00
# Visual Studio Version 16
VisualStudioVersion = 16.0.31025.194
MinimumVisualStudioVersion = 10.0.40219.1
Project("{FAE04EC0-301F-11D3-BF4B-00C04F79EFBC}") = "Login Page Design UI", "Login Page Design UI\Login Page Design UI.csproj", "{0B1AE016-C769-4F67-998B-818721407DE2}"
EndProject
Global
	GlobalSection(SolutionConfigurationPlatforms) = preSolution
		Debug|Any CPU = Debug|Any CPU
		Release|Any CPU = Release|Any CPU
	EndGlobalSection
	GlobalSection(ProjectConfigurationPlatforms) = postSolution
		{0B1AE016-C769-4F67-998B-818721407DE2}.Debug|Any CPU.ActiveCfg = Debug|Any CPU
		{0B1AE016-C769-4F67-998B-818721407DE2}.Debug|Any CPU.Build.0 = Debug|Any CPU
		{0B1AE016-C769-4F67-998B-818721407DE2}.Release|Any CPU.ActiveCfg = Release|Any CPU
		{0B1AE016-C769-4F67-998B-818721407DE2}.Release|Any CPU.Build.0 = Release|Any CPU
	EndGlobalSection
	GlobalSection(SolutionProperties) = preSolution
		HideSolutionNode = FALSE
	EndGlobalSection
	GlobalSection(ExtensibilityGlobals) = postSolution
		SolutionGuid = {69638074-485F-4394-AD93-04B2F0661A44}
	EndGlobalSection
EndGlobal
